{
  "requires": true,
  "lockfileVersion": 1,
  "dependencies": {
    "mjml-head-style": {
      "version": "3.3.5",
      "resolved": "https://registry.npmjs.org/mjml-head-style/-/mjml-head-style-3.3.5.tgz",
      "integrity": "sha512-51o0rB7fCx2f58hI/FHQH1X72ahap25oXeiCtJ+X+hH4xdtUaRL5stPM5WdED2kRDCrurMdNxo4s9xN+immPeA=="
    }
  }
}
